
Microsoft Visual Studio Solution File, Format Version 12.00
# Visual Studio 2017
Project("{FAE04EC0-301F-11D3-BF4B-00C04F79EFBC}") = "FloripaNG", "FloripaNG.csproj", "{721AFF6A-1CD1-634E-52C8-81D35E67FEAE}"
EndProject
Global
	GlobalSection(SolutionConfigurationPlatforms) = preSolution
		Debug|Any CPU = Debug|Any CPU
		Release|Any CPU = Release|Any CPU
	EndGlobalSection
	GlobalSection(ProjectConfigurationPlatforms) = postSolution
		{721AFF6A-1CD1-634E-52C8-81D35E67FEAE}.Debug|Any CPU.ActiveCfg = Debug|Any CPU
		{721AFF6A-1CD1-634E-52C8-81D35E67FEAE}.Debug|Any CPU.Build.0 = Debug|Any CPU
		{721AFF6A-1CD1-634E-52C8-81D35E67FEAE}.Release|Any CPU.ActiveCfg = Release|Any CPU
		{721AFF6A-1CD1-634E-52C8-81D35E67FEAE}.Release|Any CPU.Build.0 = Release|Any CPU
	EndGlobalSection
	GlobalSection(SolutionProperties) = preSolution
		HideSolutionNode = FALSE
	EndGlobalSection
EndGlobal
